
Microsoft Visual Studio Solution File, Format Version 12.00
# Visual Studio Version 17
VisualStudioVersion = 17.4.33213.308
MinimumVisualStudioVersion = 10.0.40219.1
Project("{FAE04EC0-301F-11D3-BF4B-00C04F79EFBC}") = "OperacoesMatematicas", "OperacoesMatematicas\OperacoesMatematicas.csproj", "{C323174E-1B86-4C42-8A77-1CEE081E1A4B}"
EndProject
Global
	GlobalSection(SolutionConfigurationPlatforms) = preSolution
		Debug|Any CPU = Debug|Any CPU
		Release|Any CPU = Release|Any CPU
	EndGlobalSection
	GlobalSection(ProjectConfigurationPlatforms) = postSolution
		{C323174E-1B86-4C42-8A77-1CEE081E1A4B}.Debug|Any CPU.ActiveCfg = Debug|Any CPU
		{C323174E-1B86-4C42-8A77-1CEE081E1A4B}.Debug|Any CPU.Build.0 = Debug|Any CPU
		{C323174E-1B86-4C42-8A77-1CEE081E1A4B}.Release|Any CPU.ActiveCfg = Release|Any CPU
		{C323174E-1B86-4C42-8A77-1CEE081E1A4B}.Release|Any CPU.Build.0 = Release|Any CPU
	EndGlobalSection
	GlobalSection(SolutionProperties) = preSolution
		HideSolutionNode = FALSE
	EndGlobalSection
	GlobalSection(ExtensibilityGlobals) = postSolution
		SolutionGuid = {ED0B5062-F5B7-499A-9020-9C86ED3D1C0A}
	EndGlobalSection
EndGlobal
