
Microsoft Visual Studio Solution File, Format Version 12.00
# Visual Studio Version 17
VisualStudioVersion = 17.4.33213.308
MinimumVisualStudioVersion = 10.0.40219.1
Project("{FAE04EC0-301F-11D3-BF4B-00C04F79EFBC}") = "ModuloCliente", "EntendendoClasseCliente\ModuloCliente.csproj", "{B5628CA8-BC83-4A56-8F95-189F80C9D056}"
EndProject
Global
	GlobalSection(SolutionConfigurationPlatforms) = preSolution
		Debug|Any CPU = Debug|Any CPU
		Release|Any CPU = Release|Any CPU
	EndGlobalSection
	GlobalSection(ProjectConfigurationPlatforms) = postSolution
		{B5628CA8-BC83-4A56-8F95-189F80C9D056}.Debug|Any CPU.ActiveCfg = Debug|Any CPU
		{B5628CA8-BC83-4A56-8F95-189F80C9D056}.Debug|Any CPU.Build.0 = Debug|Any CPU
		{B5628CA8-BC83-4A56-8F95-189F80C9D056}.Release|Any CPU.ActiveCfg = Release|Any CPU
		{B5628CA8-BC83-4A56-8F95-189F80C9D056}.Release|Any CPU.Build.0 = Release|Any CPU
	EndGlobalSection
	GlobalSection(SolutionProperties) = preSolution
		HideSolutionNode = FALSE
	EndGlobalSection
	GlobalSection(ExtensibilityGlobals) = postSolution
		SolutionGuid = {F264D61B-4E96-43D3-8123-2FD5AD640D6D}
	EndGlobalSection
EndGlobal
