
Microsoft Visual Studio Solution File, Format Version 12.00
# Visual Studio Version 17
VisualStudioVersion = 17.4.33213.308
MinimumVisualStudioVersion = 10.0.40219.1
Project("{9A19103F-16F7-4668-BE54-9A1E7A4F7556}") = "P1 - ArrayEMatriz", "ArrayEMatriz\P1 - ArrayEMatriz.csproj", "{7DC37A9B-8E37-47D8-9338-2471079DE938}"
EndProject
Project("{9A19103F-16F7-4668-BE54-9A1E7A4F7556}") = "P2 - ArrayEMatriz", "P2 - ArrayEMatriz\P2 - ArrayEMatriz.csproj", "{BB3AE537-FEB8-4FB0-B594-2C406681AC02}"
EndProject
Project("{9A19103F-16F7-4668-BE54-9A1E7A4F7556}") = "P3 - ArrayEMatriz", "P3 - ArrayEMatriz\P3 - ArrayEMatriz.csproj", "{AE79EEA0-B391-4B74-AF93-1D566162200A}"
EndProject
Project("{9A19103F-16F7-4668-BE54-9A1E7A4F7556}") = "P4 - ArrayEMatriz", "P4 - ArrayEMatriz\P4 - ArrayEMatriz.csproj", "{B0D30ED3-4623-440D-AF4C-DF97C681D271}"
EndProject
Project("{9A19103F-16F7-4668-BE54-9A1E7A4F7556}") = "P5 - ArrayEMatriz", "P5 - ArrayEMatriz\P5 - ArrayEMatriz.csproj", "{79B4B198-2C32-4EFE-8223-99524880CFFD}"
EndProject
Project("{9A19103F-16F7-4668-BE54-9A1E7A4F7556}") = "P6 - ArrayEMatriz", "P6 - ArrayEMatriz\P6 - ArrayEMatriz.csproj", "{863F958D-EE4C-4DF7-BFD1-EF4F19071ED3}"
EndProject
Project("{9A19103F-16F7-4668-BE54-9A1E7A4F7556}") = "P7 - ArrayEMatriz", "P7 - ArrayEMatriz\P7 - ArrayEMatriz.csproj", "{C91AE2E6-C4A2-4F87-B81E-9D6241F73D89}"
EndProject
Project("{9A19103F-16F7-4668-BE54-9A1E7A4F7556}") = "P8 - ArrayEMatriz", "P8 - ArrayEMatriz\P8 - ArrayEMatriz.csproj", "{811F4AB6-80BC-4B9B-A06F-BB3F5E280E05}"
EndProject
Project("{9A19103F-16F7-4668-BE54-9A1E7A4F7556}") = "P9 - ArrayEMatriz", "P9 - ArrayEMatriz\P9 - ArrayEMatriz.csproj", "{2A756BE2-10B0-4EB4-91FB-417A2EC70A99}"
EndProject
Project("{9A19103F-16F7-4668-BE54-9A1E7A4F7556}") = "P10 - ArrayEMatriz", "P10 - ArrayEMatriz\P10 - ArrayEMatriz.csproj", "{92568A74-F037-4D2A-A74F-15E4B5465034}"
EndProject
Project("{9A19103F-16F7-4668-BE54-9A1E7A4F7556}") = "P11 - ArrayEMatriz", "P11 - ArrayEMatriz\P11 - ArrayEMatriz.csproj", "{3F46DC3A-561A-41D4-A91B-0EB1B40BAA4C}"
EndProject
Project("{9A19103F-16F7-4668-BE54-9A1E7A4F7556}") = "P12 - ArrayEMatriz", "P12 - ArrayEMatriz\P12 - ArrayEMatriz.csproj", "{CA635D07-C462-4889-B087-B40003C40CB8}"
EndProject
Project("{9A19103F-16F7-4668-BE54-9A1E7A4F7556}") = "P13 - ArrayEMatriz", "P13 - ArrayEMatriz\P13 - ArrayEMatriz.csproj", "{E6C51627-15B8-4E29-8908-84D9F9A8FBBF}"
EndProject
Project("{9A19103F-16F7-4668-BE54-9A1E7A4F7556}") = "P14 - ArrayEMatriz", "P14 - ArrayEMatriz\P14 - ArrayEMatriz.csproj", "{CC5D7221-A09B-415E-B52D-48979B9587C7}"
EndProject
Project("{9A19103F-16F7-4668-BE54-9A1E7A4F7556}") = "P15 - ArrayEMatriz", "P15 - ArrayEMatriz\P15 - ArrayEMatriz.csproj", "{1F18602E-B355-4F31-AE5C-B7A5E1049C72}"
EndProject
Project("{9A19103F-16F7-4668-BE54-9A1E7A4F7556}") = "P16 - ArrayEMatriz", "P16 - ArrayEMatriz\P16 - ArrayEMatriz.csproj", "{F198BFAB-9A5E-4BAB-A406-84DC998C26F9}"
EndProject
Project("{9A19103F-16F7-4668-BE54-9A1E7A4F7556}") = "P17 - ArrayEMatriz", "P17 - ArrayEMatriz\P17 - ArrayEMatriz.csproj", "{113D97DA-F7A1-4898-B50D-65288C39CDA2}"
EndProject
Project("{9A19103F-16F7-4668-BE54-9A1E7A4F7556}") = "P18 - ArrayEMatriz", "P18 - ArrayEMatriz\P18 - ArrayEMatriz.csproj", "{AC5484DC-F8D2-4FAB-901A-2C2BC3CEF168}"
EndProject
Project("{9A19103F-16F7-4668-BE54-9A1E7A4F7556}") = "P19 - ArrayEMatriz", "P19 - ArrayEMatriz\P19 - ArrayEMatriz.csproj", "{31F9D935-EF90-448F-9EB8-512D15B54125}"
EndProject
Project("{9A19103F-16F7-4668-BE54-9A1E7A4F7556}") = "P20 - ArrayEMatriz", "P20 - ArrayEMatriz\P20 - ArrayEMatriz.csproj", "{0261519E-F534-49C9-BFC0-11926027C842}"
EndProject
Project("{9A19103F-16F7-4668-BE54-9A1E7A4F7556}") = "P22 - ArrayEMatriz", "P21 - ArrayEMatriz\P22 - ArrayEMatriz.csproj", "{BADBFCC6-B6CD-41FE-B436-3D8B03BDE75B}"
EndProject
Project("{9A19103F-16F7-4668-BE54-9A1E7A4F7556}") = "P23 - ArrayEMatriz", "P23 - ArrayEMatriz\P23 - ArrayEMatriz.csproj", "{35212CDA-E742-4912-8A6E-2D13951339AC}"
EndProject
Project("{9A19103F-16F7-4668-BE54-9A1E7A4F7556}") = "P24 - ArrayEMatriz", "P24 - ArrayEMatriz\P24 - ArrayEMatriz.csproj", "{0BD1B122-C346-451C-8887-FEFF42C59239}"
EndProject
Project("{9A19103F-16F7-4668-BE54-9A1E7A4F7556}") = "P25 - ArrayEMatriz", "P25 - ArrayEMatriz\P25 - ArrayEMatriz.csproj", "{17ADBCFE-9DF2-47F8-A88D-DB9DD4B2FD66}"
EndProject
Project("{9A19103F-16F7-4668-BE54-9A1E7A4F7556}") = "P26 - ArrayEMatriz", "P26 - ArrayEMatriz\P26 - ArrayEMatriz.csproj", "{4DABCA80-889A-43D2-9C73-EBA1166FA569}"
EndProject
Project("{9A19103F-16F7-4668-BE54-9A1E7A4F7556}") = "P27 - ArrayEMatriz", "P27 - ArrayEMatriz\P27 - ArrayEMatriz.csproj", "{92CC566E-A208-4D76-BF06-E1D036FE5EB1}"
EndProject
Project("{9A19103F-16F7-4668-BE54-9A1E7A4F7556}") = "P28 - ArrayEMatriz", "P28 - ArrayEMatriz\P28 - ArrayEMatriz.csproj", "{C09158C5-6923-430D-A42B-2C0649577C86}"
EndProject
Project("{9A19103F-16F7-4668-BE54-9A1E7A4F7556}") = "P29 - ArrayEMatriz", "P29 - ArrayEMatriz\P29 - ArrayEMatriz.csproj", "{7B22D7AE-346B-47EA-AEDF-47E63E0E4E4E}"
EndProject
Project("{9A19103F-16F7-4668-BE54-9A1E7A4F7556}") = "P30 - ArrayEMatriz", "P30 - ArrayEMatriz\P30 - ArrayEMatriz.csproj", "{C009AD02-4108-490D-8542-DEE30D8AD02C}"
EndProject
Project("{9A19103F-16F7-4668-BE54-9A1E7A4F7556}") = "P31 - ArrayEMatriz", "P31 - ArrayEMatriz\P31 - ArrayEMatriz.csproj", "{C001BC8D-2B2F-4A58-826B-DB18EC8AF530}"
EndProject
Project("{9A19103F-16F7-4668-BE54-9A1E7A4F7556}") = "P32 - ArrayEMatriz", "P32 - ArrayEMatriz\P32 - ArrayEMatriz.csproj", "{E30B5157-3E9B-4B8A-A7C0-01D606DBB8A6}"
EndProject
Project("{9A19103F-16F7-4668-BE54-9A1E7A4F7556}") = "P33 - ArrayEMatriz", "P33 - ArrayEMatriz\P33 - ArrayEMatriz.csproj", "{9472CFAC-39B9-4526-BC00-8A75DD6889D7}"
EndProject
Project("{9A19103F-16F7-4668-BE54-9A1E7A4F7556}") = "P34 - ArrayEMatriz", "p34 - ArrayEMatriz\P34 - ArrayEMatriz.csproj", "{0F2B345D-5704-49E6-A345-283897D0643B}"
EndProject
Project("{9A19103F-16F7-4668-BE54-9A1E7A4F7556}") = "P35 - ArrayEMatriz", "P35 - ArrayEMatriz\P35 - ArrayEMatriz.csproj", "{2047AC12-84E0-4FE8-AE25-DCD15FB2D445}"
EndProject
Project("{9A19103F-16F7-4668-BE54-9A1E7A4F7556}") = "P36 - ArrayEMatriz", "P36 - ArrayEMatriz\P36 - ArrayEMatriz.csproj", "{E13FC6CA-3E99-4EE8-BA11-B07D9B4EE231}"
EndProject
Project("{9A19103F-16F7-4668-BE54-9A1E7A4F7556}") = "P37 - ArrayEMatriz", "P37 - ArrayEMatriz\P37 - ArrayEMatriz.csproj", "{46032086-8D0E-479D-9637-C2965C6522D3}"
EndProject
Project("{FAE04EC0-301F-11D3-BF4B-00C04F79EFBC}") = "P38 - ArrayEMatriz", "P38 - ArrayEMatriz\P38 - ArrayEMatriz.csproj", "{9678FC47-6BEB-43A3-A0BD-113685339C1A}"
EndProject
Project("{FAE04EC0-301F-11D3-BF4B-00C04F79EFBC}") = "P39 - ArrayEMatriz", "P39 - ArrayEMatriz\P39 - ArrayEMatriz.csproj", "{E3000A00-40C9-4635-98CE-89DA30F976FE}"
EndProject
Project("{FAE04EC0-301F-11D3-BF4B-00C04F79EFBC}") = "P40 - ArrayEMatriz", "P40 - ArrayEMatriz\P40 - ArrayEMatriz.csproj", "{AF138CCC-FDD6-49CE-BB74-44C8BAB58B44}"
EndProject
Project("{FAE04EC0-301F-11D3-BF4B-00C04F79EFBC}") = "P41 - ArrayEMatriz", "P41 - ArrayEMatriz\P41 - ArrayEMatriz.csproj", "{CCBF0219-7A6B-496A-8122-AAA1D9AB3F2E}"
EndProject
Project("{FAE04EC0-301F-11D3-BF4B-00C04F79EFBC}") = "P42 - ArrayEMatriz", "P42 - ArrayEMatriz\P42 - ArrayEMatriz.csproj", "{2FEDF93A-2B4B-47DE-99B6-E4472E747D6F}"
EndProject
Global
	GlobalSection(SolutionConfigurationPlatforms) = preSolution
		Debug|Any CPU = Debug|Any CPU
		Release|Any CPU = Release|Any CPU
	EndGlobalSection
	GlobalSection(ProjectConfigurationPlatforms) = postSolution
		{7DC37A9B-8E37-47D8-9338-2471079DE938}.Debug|Any CPU.ActiveCfg = Debug|Any CPU
		{7DC37A9B-8E37-47D8-9338-2471079DE938}.Debug|Any CPU.Build.0 = Debug|Any CPU
		{7DC37A9B-8E37-47D8-9338-2471079DE938}.Release|Any CPU.ActiveCfg = Release|Any CPU
		{7DC37A9B-8E37-47D8-9338-2471079DE938}.Release|Any CPU.Build.0 = Release|Any CPU
		{BB3AE537-FEB8-4FB0-B594-2C406681AC02}.Debug|Any CPU.ActiveCfg = Debug|Any CPU
		{BB3AE537-FEB8-4FB0-B594-2C406681AC02}.Debug|Any CPU.Build.0 = Debug|Any CPU
		{BB3AE537-FEB8-4FB0-B594-2C406681AC02}.Release|Any CPU.ActiveCfg = Release|Any CPU
		{BB3AE537-FEB8-4FB0-B594-2C406681AC02}.Release|Any CPU.Build.0 = Release|Any CPU
		{AE79EEA0-B391-4B74-AF93-1D566162200A}.Debug|Any CPU.ActiveCfg = Debug|Any CPU
		{AE79EEA0-B391-4B74-AF93-1D566162200A}.Debug|Any CPU.Build.0 = Debug|Any CPU
		{AE79EEA0-B391-4B74-AF93-1D566162200A}.Release|Any CPU.ActiveCfg = Release|Any CPU
		{AE79EEA0-B391-4B74-AF93-1D566162200A}.Release|Any CPU.Build.0 = Release|Any CPU
		{B0D30ED3-4623-440D-AF4C-DF97C681D271}.Debug|Any CPU.ActiveCfg = Debug|Any CPU
		{B0D30ED3-4623-440D-AF4C-DF97C681D271}.Debug|Any CPU.Build.0 = Debug|Any CPU
		{B0D30ED3-4623-440D-AF4C-DF97C681D271}.Release|Any CPU.ActiveCfg = Release|Any CPU
		{B0D30ED3-4623-440D-AF4C-DF97C681D271}.Release|Any CPU.Build.0 = Release|Any CPU
		{79B4B198-2C32-4EFE-8223-99524880CFFD}.Debug|Any CPU.ActiveCfg = Debug|Any CPU
		{79B4B198-2C32-4EFE-8223-99524880CFFD}.Debug|Any CPU.Build.0 = Debug|Any CPU
		{79B4B198-2C32-4EFE-8223-99524880CFFD}.Release|Any CPU.ActiveCfg = Release|Any CPU
		{79B4B198-2C32-4EFE-8223-99524880CFFD}.Release|Any CPU.Build.0 = Release|Any CPU
		{863F958D-EE4C-4DF7-BFD1-EF4F19071ED3}.Debug|Any CPU.ActiveCfg = Debug|Any CPU
		{863F958D-EE4C-4DF7-BFD1-EF4F19071ED3}.Debug|Any CPU.Build.0 = Debug|Any CPU
		{863F958D-EE4C-4DF7-BFD1-EF4F19071ED3}.Release|Any CPU.ActiveCfg = Release|Any CPU
		{863F958D-EE4C-4DF7-BFD1-EF4F19071ED3}.Release|Any CPU.Build.0 = Release|Any CPU
		{C91AE2E6-C4A2-4F87-B81E-9D6241F73D89}.Debug|Any CPU.ActiveCfg = Debug|Any CPU
		{C91AE2E6-C4A2-4F87-B81E-9D6241F73D89}.Debug|Any CPU.Build.0 = Debug|Any CPU
		{C91AE2E6-C4A2-4F87-B81E-9D6241F73D89}.Release|Any CPU.ActiveCfg = Release|Any CPU
		{C91AE2E6-C4A2-4F87-B81E-9D6241F73D89}.Release|Any CPU.Build.0 = Release|Any CPU
		{811F4AB6-80BC-4B9B-A06F-BB3F5E280E05}.Debug|Any CPU.ActiveCfg = Debug|Any CPU
		{811F4AB6-80BC-4B9B-A06F-BB3F5E280E05}.Debug|Any CPU.Build.0 = Debug|Any CPU
		{811F4AB6-80BC-4B9B-A06F-BB3F5E280E05}.Release|Any CPU.ActiveCfg = Release|Any CPU
		{811F4AB6-80BC-4B9B-A06F-BB3F5E280E05}.Release|Any CPU.Build.0 = Release|Any CPU
		{2A756BE2-10B0-4EB4-91FB-417A2EC70A99}.Debug|Any CPU.ActiveCfg = Debug|Any CPU
		{2A756BE2-10B0-4EB4-91FB-417A2EC70A99}.Debug|Any CPU.Build.0 = Debug|Any CPU
		{2A756BE2-10B0-4EB4-91FB-417A2EC70A99}.Release|Any CPU.ActiveCfg = Release|Any CPU
		{2A756BE2-10B0-4EB4-91FB-417A2EC70A99}.Release|Any CPU.Build.0 = Release|Any CPU
		{92568A74-F037-4D2A-A74F-15E4B5465034}.Debug|Any CPU.ActiveCfg = Debug|Any CPU
		{92568A74-F037-4D2A-A74F-15E4B5465034}.Debug|Any CPU.Build.0 = Debug|Any CPU
		{92568A74-F037-4D2A-A74F-15E4B5465034}.Release|Any CPU.ActiveCfg = Release|Any CPU
		{92568A74-F037-4D2A-A74F-15E4B5465034}.Release|Any CPU.Build.0 = Release|Any CPU
		{3F46DC3A-561A-41D4-A91B-0EB1B40BAA4C}.Debug|Any CPU.ActiveCfg = Debug|Any CPU
		{3F46DC3A-561A-41D4-A91B-0EB1B40BAA4C}.Debug|Any CPU.Build.0 = Debug|Any CPU
		{3F46DC3A-561A-41D4-A91B-0EB1B40BAA4C}.Release|Any CPU.ActiveCfg = Release|Any CPU
		{3F46DC3A-561A-41D4-A91B-0EB1B40BAA4C}.Release|Any CPU.Build.0 = Release|Any CPU
		{CA635D07-C462-4889-B087-B40003C40CB8}.Debug|Any CPU.ActiveCfg = Debug|Any CPU
		{CA635D07-C462-4889-B087-B40003C40CB8}.Debug|Any CPU.Build.0 = Debug|Any CPU
		{CA635D07-C462-4889-B087-B40003C40CB8}.Release|Any CPU.ActiveCfg = Release|Any CPU
		{CA635D07-C462-4889-B087-B40003C40CB8}.Release|Any CPU.Build.0 = Release|Any CPU
		{E6C51627-15B8-4E29-8908-84D9F9A8FBBF}.Debug|Any CPU.ActiveCfg = Debug|Any CPU
		{E6C51627-15B8-4E29-8908-84D9F9A8FBBF}.Debug|Any CPU.Build.0 = Debug|Any CPU
		{E6C51627-15B8-4E29-8908-84D9F9A8FBBF}.Release|Any CPU.ActiveCfg = Release|Any CPU
		{E6C51627-15B8-4E29-8908-84D9F9A8FBBF}.Release|Any CPU.Build.0 = Release|Any CPU
		{CC5D7221-A09B-415E-B52D-48979B9587C7}.Debug|Any CPU.ActiveCfg = Debug|Any CPU
		{CC5D7221-A09B-415E-B52D-48979B9587C7}.Debug|Any CPU.Build.0 = Debug|Any CPU
		{CC5D7221-A09B-415E-B52D-48979B9587C7}.Release|Any CPU.ActiveCfg = Release|Any CPU
		{CC5D7221-A09B-415E-B52D-48979B9587C7}.Release|Any CPU.Build.0 = Release|Any CPU
		{1F18602E-B355-4F31-AE5C-B7A5E1049C72}.Debug|Any CPU.ActiveCfg = Debug|Any CPU
		{1F18602E-B355-4F31-AE5C-B7A5E1049C72}.Debug|Any CPU.Build.0 = Debug|Any CPU
		{1F18602E-B355-4F31-AE5C-B7A5E1049C72}.Release|Any CPU.ActiveCfg = Release|Any CPU
		{1F18602E-B355-4F31-AE5C-B7A5E1049C72}.Release|Any CPU.Build.0 = Release|Any CPU
		{F198BFAB-9A5E-4BAB-A406-84DC998C26F9}.Debug|Any CPU.ActiveCfg = Debug|Any CPU
		{F198BFAB-9A5E-4BAB-A406-84DC998C26F9}.Debug|Any CPU.Build.0 = Debug|Any CPU
		{F198BFAB-9A5E-4BAB-A406-84DC998C26F9}.Release|Any CPU.ActiveCfg = Release|Any CPU
		{F198BFAB-9A5E-4BAB-A406-84DC998C26F9}.Release|Any CPU.Build.0 = Release|Any CPU
		{113D97DA-F7A1-4898-B50D-65288C39CDA2}.Debug|Any CPU.ActiveCfg = Debug|Any CPU
		{113D97DA-F7A1-4898-B50D-65288C39CDA2}.Debug|Any CPU.Build.0 = Debug|Any CPU
		{113D97DA-F7A1-4898-B50D-65288C39CDA2}.Release|Any CPU.ActiveCfg = Release|Any CPU
		{113D97DA-F7A1-4898-B50D-65288C39CDA2}.Release|Any CPU.Build.0 = Release|Any CPU
		{AC5484DC-F8D2-4FAB-901A-2C2BC3CEF168}.Debug|Any CPU.ActiveCfg = Debug|Any CPU
		{AC5484DC-F8D2-4FAB-901A-2C2BC3CEF168}.Debug|Any CPU.Build.0 = Debug|Any CPU
		{AC5484DC-F8D2-4FAB-901A-2C2BC3CEF168}.Release|Any CPU.ActiveCfg = Release|Any CPU
		{AC5484DC-F8D2-4FAB-901A-2C2BC3CEF168}.Release|Any CPU.Build.0 = Release|Any CPU
		{31F9D935-EF90-448F-9EB8-512D15B54125}.Debug|Any CPU.ActiveCfg = Debug|Any CPU
		{31F9D935-EF90-448F-9EB8-512D15B54125}.Debug|Any CPU.Build.0 = Debug|Any CPU
		{31F9D935-EF90-448F-9EB8-512D15B54125}.Release|Any CPU.ActiveCfg = Release|Any CPU
		{31F9D935-EF90-448F-9EB8-512D15B54125}.Release|Any CPU.Build.0 = Release|Any CPU
		{0261519E-F534-49C9-BFC0-11926027C842}.Debug|Any CPU.ActiveCfg = Debug|Any CPU
		{0261519E-F534-49C9-BFC0-11926027C842}.Debug|Any CPU.Build.0 = Debug|Any CPU
		{0261519E-F534-49C9-BFC0-11926027C842}.Release|Any CPU.ActiveCfg = Release|Any CPU
		{0261519E-F534-49C9-BFC0-11926027C842}.Release|Any CPU.Build.0 = Release|Any CPU
		{BADBFCC6-B6CD-41FE-B436-3D8B03BDE75B}.Debug|Any CPU.ActiveCfg = Debug|Any CPU
		{BADBFCC6-B6CD-41FE-B436-3D8B03BDE75B}.Debug|Any CPU.Build.0 = Debug|Any CPU
		{BADBFCC6-B6CD-41FE-B436-3D8B03BDE75B}.Release|Any CPU.ActiveCfg = Release|Any CPU
		{BADBFCC6-B6CD-41FE-B436-3D8B03BDE75B}.Release|Any CPU.Build.0 = Release|Any CPU
		{35212CDA-E742-4912-8A6E-2D13951339AC}.Debug|Any CPU.ActiveCfg = Debug|Any CPU
		{35212CDA-E742-4912-8A6E-2D13951339AC}.Debug|Any CPU.Build.0 = Debug|Any CPU
		{35212CDA-E742-4912-8A6E-2D13951339AC}.Release|Any CPU.ActiveCfg = Release|Any CPU
		{35212CDA-E742-4912-8A6E-2D13951339AC}.Release|Any CPU.Build.0 = Release|Any CPU
		{0BD1B122-C346-451C-8887-FEFF42C59239}.Debug|Any CPU.ActiveCfg = Debug|Any CPU
		{0BD1B122-C346-451C-8887-FEFF42C59239}.Debug|Any CPU.Build.0 = Debug|Any CPU
		{0BD1B122-C346-451C-8887-FEFF42C59239}.Release|Any CPU.ActiveCfg = Release|Any CPU
		{0BD1B122-C346-451C-8887-FEFF42C59239}.Release|Any CPU.Build.0 = Release|Any CPU
		{17ADBCFE-9DF2-47F8-A88D-DB9DD4B2FD66}.Debug|Any CPU.ActiveCfg = Debug|Any CPU
		{17ADBCFE-9DF2-47F8-A88D-DB9DD4B2FD66}.Debug|Any CPU.Build.0 = Debug|Any CPU
		{17ADBCFE-9DF2-47F8-A88D-DB9DD4B2FD66}.Release|Any CPU.ActiveCfg = Release|Any CPU
		{17ADBCFE-9DF2-47F8-A88D-DB9DD4B2FD66}.Release|Any CPU.Build.0 = Release|Any CPU
		{4DABCA80-889A-43D2-9C73-EBA1166FA569}.Debug|Any CPU.ActiveCfg = Debug|Any CPU
		{4DABCA80-889A-43D2-9C73-EBA1166FA569}.Debug|Any CPU.Build.0 = Debug|Any CPU
		{4DABCA80-889A-43D2-9C73-EBA1166FA569}.Release|Any CPU.ActiveCfg = Release|Any CPU
		{4DABCA80-889A-43D2-9C73-EBA1166FA569}.Release|Any CPU.Build.0 = Release|Any CPU
		{92CC566E-A208-4D76-BF06-E1D036FE5EB1}.Debug|Any CPU.ActiveCfg = Debug|Any CPU
		{92CC566E-A208-4D76-BF06-E1D036FE5EB1}.Debug|Any CPU.Build.0 = Debug|Any CPU
		{92CC566E-A208-4D76-BF06-E1D036FE5EB1}.Release|Any CPU.ActiveCfg = Release|Any CPU
		{92CC566E-A208-4D76-BF06-E1D036FE5EB1}.Release|Any CPU.Build.0 = Release|Any CPU
		{C09158C5-6923-430D-A42B-2C0649577C86}.Debug|Any CPU.ActiveCfg = Debug|Any CPU
		{C09158C5-6923-430D-A42B-2C0649577C86}.Debug|Any CPU.Build.0 = Debug|Any CPU
		{C09158C5-6923-430D-A42B-2C0649577C86}.Release|Any CPU.ActiveCfg = Release|Any CPU
		{C09158C5-6923-430D-A42B-2C0649577C86}.Release|Any CPU.Build.0 = Release|Any CPU
		{7B22D7AE-346B-47EA-AEDF-47E63E0E4E4E}.Debug|Any CPU.ActiveCfg = Debug|Any CPU
		{7B22D7AE-346B-47EA-AEDF-47E63E0E4E4E}.Debug|Any CPU.Build.0 = Debug|Any CPU
		{7B22D7AE-346B-47EA-AEDF-47E63E0E4E4E}.Release|Any CPU.ActiveCfg = Release|Any CPU
		{7B22D7AE-346B-47EA-AEDF-47E63E0E4E4E}.Release|Any CPU.Build.0 = Release|Any CPU
		{C009AD02-4108-490D-8542-DEE30D8AD02C}.Debug|Any CPU.ActiveCfg = Debug|Any CPU
		{C009AD02-4108-490D-8542-DEE30D8AD02C}.Debug|Any CPU.Build.0 = Debug|Any CPU
		{C009AD02-4108-490D-8542-DEE30D8AD02C}.Release|Any CPU.ActiveCfg = Release|Any CPU
		{C009AD02-4108-490D-8542-DEE30D8AD02C}.Release|Any CPU.Build.0 = Release|Any CPU
		{C001BC8D-2B2F-4A58-826B-DB18EC8AF530}.Debug|Any CPU.ActiveCfg = Debug|Any CPU
		{C001BC8D-2B2F-4A58-826B-DB18EC8AF530}.Debug|Any CPU.Build.0 = Debug|Any CPU
		{C001BC8D-2B2F-4A58-826B-DB18EC8AF530}.Release|Any CPU.ActiveCfg = Release|Any CPU
		{C001BC8D-2B2F-4A58-826B-DB18EC8AF530}.Release|Any CPU.Build.0 = Release|Any CPU
		{E30B5157-3E9B-4B8A-A7C0-01D606DBB8A6}.Debug|Any CPU.ActiveCfg = Debug|Any CPU
		{E30B5157-3E9B-4B8A-A7C0-01D606DBB8A6}.Debug|Any CPU.Build.0 = Debug|Any CPU
		{E30B5157-3E9B-4B8A-A7C0-01D606DBB8A6}.Release|Any CPU.ActiveCfg = Release|Any CPU
		{E30B5157-3E9B-4B8A-A7C0-01D606DBB8A6}.Release|Any CPU.Build.0 = Release|Any CPU
		{9472CFAC-39B9-4526-BC00-8A75DD6889D7}.Debug|Any CPU.ActiveCfg = Debug|Any CPU
		{9472CFAC-39B9-4526-BC00-8A75DD6889D7}.Debug|Any CPU.Build.0 = Debug|Any CPU
		{9472CFAC-39B9-4526-BC00-8A75DD6889D7}.Release|Any CPU.ActiveCfg = Release|Any CPU
		{9472CFAC-39B9-4526-BC00-8A75DD6889D7}.Release|Any CPU.Build.0 = Release|Any CPU
		{0F2B345D-5704-49E6-A345-283897D0643B}.Debug|Any CPU.ActiveCfg = Debug|Any CPU
		{0F2B345D-5704-49E6-A345-283897D0643B}.Debug|Any CPU.Build.0 = Debug|Any CPU
		{0F2B345D-5704-49E6-A345-283897D0643B}.Release|Any CPU.ActiveCfg = Release|Any CPU
		{0F2B345D-5704-49E6-A345-283897D0643B}.Release|Any CPU.Build.0 = Release|Any CPU
		{2047AC12-84E0-4FE8-AE25-DCD15FB2D445}.Debug|Any CPU.ActiveCfg = Debug|Any CPU
		{2047AC12-84E0-4FE8-AE25-DCD15FB2D445}.Debug|Any CPU.Build.0 = Debug|Any CPU
		{2047AC12-84E0-4FE8-AE25-DCD15FB2D445}.Release|Any CPU.ActiveCfg = Release|Any CPU
		{2047AC12-84E0-4FE8-AE25-DCD15FB2D445}.Release|Any CPU.Build.0 = Release|Any CPU
		{E13FC6CA-3E99-4EE8-BA11-B07D9B4EE231}.Debug|Any CPU.ActiveCfg = Debug|Any CPU
		{E13FC6CA-3E99-4EE8-BA11-B07D9B4EE231}.Debug|Any CPU.Build.0 = Debug|Any CPU
		{E13FC6CA-3E99-4EE8-BA11-B07D9B4EE231}.Release|Any CPU.ActiveCfg = Release|Any CPU
		{E13FC6CA-3E99-4EE8-BA11-B07D9B4EE231}.Release|Any CPU.Build.0 = Release|Any CPU
		{46032086-8D0E-479D-9637-C2965C6522D3}.Debug|Any CPU.ActiveCfg = Debug|Any CPU
		{46032086-8D0E-479D-9637-C2965C6522D3}.Debug|Any CPU.Build.0 = Debug|Any CPU
		{46032086-8D0E-479D-9637-C2965C6522D3}.Release|Any CPU.ActiveCfg = Release|Any CPU
		{46032086-8D0E-479D-9637-C2965C6522D3}.Release|Any CPU.Build.0 = Release|Any CPU
		{9678FC47-6BEB-43A3-A0BD-113685339C1A}.Debug|Any CPU.ActiveCfg = Debug|Any CPU
		{9678FC47-6BEB-43A3-A0BD-113685339C1A}.Debug|Any CPU.Build.0 = Debug|Any CPU
		{9678FC47-6BEB-43A3-A0BD-113685339C1A}.Release|Any CPU.ActiveCfg = Release|Any CPU
		{9678FC47-6BEB-43A3-A0BD-113685339C1A}.Release|Any CPU.Build.0 = Release|Any CPU
		{E3000A00-40C9-4635-98CE-89DA30F976FE}.Debug|Any CPU.ActiveCfg = Debug|Any CPU
		{E3000A00-40C9-4635-98CE-89DA30F976FE}.Debug|Any CPU.Build.0 = Debug|Any CPU
		{E3000A00-40C9-4635-98CE-89DA30F976FE}.Release|Any CPU.ActiveCfg = Release|Any CPU
		{E3000A00-40C9-4635-98CE-89DA30F976FE}.Release|Any CPU.Build.0 = Release|Any CPU
		{AF138CCC-FDD6-49CE-BB74-44C8BAB58B44}.Debug|Any CPU.ActiveCfg = Debug|Any CPU
		{AF138CCC-FDD6-49CE-BB74-44C8BAB58B44}.Debug|Any CPU.Build.0 = Debug|Any CPU
		{AF138CCC-FDD6-49CE-BB74-44C8BAB58B44}.Release|Any CPU.ActiveCfg = Release|Any CPU
		{AF138CCC-FDD6-49CE-BB74-44C8BAB58B44}.Release|Any CPU.Build.0 = Release|Any CPU
		{CCBF0219-7A6B-496A-8122-AAA1D9AB3F2E}.Debug|Any CPU.ActiveCfg = Debug|Any CPU
		{CCBF0219-7A6B-496A-8122-AAA1D9AB3F2E}.Debug|Any CPU.Build.0 = Debug|Any CPU
		{CCBF0219-7A6B-496A-8122-AAA1D9AB3F2E}.Release|Any CPU.ActiveCfg = Release|Any CPU
		{CCBF0219-7A6B-496A-8122-AAA1D9AB3F2E}.Release|Any CPU.Build.0 = Release|Any CPU
		{2FEDF93A-2B4B-47DE-99B6-E4472E747D6F}.Debug|Any CPU.ActiveCfg = Debug|Any CPU
		{2FEDF93A-2B4B-47DE-99B6-E4472E747D6F}.Debug|Any CPU.Build.0 = Debug|Any CPU
		{2FEDF93A-2B4B-47DE-99B6-E4472E747D6F}.Release|Any CPU.ActiveCfg = Release|Any CPU
		{2FEDF93A-2B4B-47DE-99B6-E4472E747D6F}.Release|Any CPU.Build.0 = Release|Any CPU
	EndGlobalSection
	GlobalSection(SolutionProperties) = preSolution
		HideSolutionNode = FALSE
	EndGlobalSection
	GlobalSection(ExtensibilityGlobals) = postSolution
		SolutionGuid = {CB75A8A3-7FF8-4F25-838E-247BAEE03DE4}
	EndGlobalSection
EndGlobal
