
Microsoft Visual Studio Solution File, Format Version 12.00
# Visual Studio Version 17
VisualStudioVersion = 17.4.33213.308
MinimumVisualStudioVersion = 10.0.40219.1
Project("{9A19103F-16F7-4668-BE54-9A1E7A4F7556}") = "P1 - ArrayEMatriz", "ArrayEMatriz\P1 - ArrayEMatriz.csproj", "{7DC37A9B-8E37-47D8-9338-2471079DE938}"
EndProject
Project("{9A19103F-16F7-4668-BE54-9A1E7A4F7556}") = "P2 - ArrayEMatriz", "P2 - ArrayEMatriz\P2 - ArrayEMatriz.csproj", "{BB3AE537-FEB8-4FB0-B594-2C406681AC02}"
EndProject
Project("{9A19103F-16F7-4668-BE54-9A1E7A4F7556}") = "P3 - ArrayEMatriz", "P3 - ArrayEMatriz\P3 - ArrayEMatriz.csproj", "{AE79EEA0-B391-4B74-AF93-1D566162200A}"
EndProject
Project("{9A19103F-16F7-4668-BE54-9A1E7A4F7556}") = "P4 - ArrayEMatriz", "P4 - ArrayEMatriz\P4 - ArrayEMatriz.csproj", "{B0D30ED3-4623-440D-AF4C-DF97C681D271}"
EndProject
Project("{9A19103F-16F7-4668-BE54-9A1E7A4F7556}") = "P5 - ArrayEMatriz", "P5 - ArrayEMatriz\P5 - ArrayEMatriz.csproj", "{79B4B198-2C32-4EFE-8223-99524880CFFD}"
EndProject
Project("{9A19103F-16F7-4668-BE54-9A1E7A4F7556}") = "P6 - ArrayEMatriz", "P6 - ArrayEMatriz\P6 - ArrayEMatriz.csproj", "{863F958D-EE4C-4DF7-BFD1-EF4F19071ED3}"
EndProject
Project("{9A19103F-16F7-4668-BE54-9A1E7A4F7556}") = "P7 - ArrayEMatriz", "P7 - ArrayEMatriz\P7 - ArrayEMatriz.csproj", "{C91AE2E6-C4A2-4F87-B81E-9D6241F73D89}"
EndProject
Project("{9A19103F-16F7-4668-BE54-9A1E7A4F7556}") = "P8 - ArrayEMatriz", "P8 - ArrayEMatriz\P8 - ArrayEMatriz.csproj", "{811F4AB6-80BC-4B9B-A06F-BB3F5E280E05}"
EndProject
Project("{9A19103F-16F7-4668-BE54-9A1E7A4F7556}") = "P9 - ArrayEMatriz", "P9 - ArrayEMatriz\P9 - ArrayEMatriz.csproj", "{2A756BE2-10B0-4EB4-91FB-417A2EC70A99}"
EndProject
Project("{9A19103F-16F7-4668-BE54-9A1E7A4F7556}") = "P10 - ArrayEMatriz", "P10 - ArrayEMatriz\P10 - ArrayEMatriz.csproj", "{92568A74-F037-4D2A-A74F-15E4B5465034}"
EndProject
Project("{9A19103F-16F7-4668-BE54-9A1E7A4F7556}") = "P11 - ArrayEMatriz", "P11 - ArrayEMatriz\P11 - ArrayEMatriz.csproj", "{3F46DC3A-561A-41D4-A91B-0EB1B40BAA4C}"
EndProject
Project("{9A19103F-16F7-4668-BE54-9A1E7A4F7556}") = "P12 - ArrayEMatriz", "P12 - ArrayEMatriz\P12 - ArrayEMatriz.csproj", "{CA635D07-C462-4889-B087-B40003C40CB8}"
EndProject
Project("{9A19103F-16F7-4668-BE54-9A1E7A4F7556}") = "P13 - ArrayEMatriz", "P13 - ArrayEMatriz\P13 - ArrayEMatriz.csproj", "{E6C51627-15B8-4E29-8908-84D9F9A8FBBF}"
EndProject
Project("{9A19103F-16F7-4668-BE54-9A1E7A4F7556}") = "P14 - ArrayEMatriz", "P14 - ArrayEMatriz\P14 - ArrayEMatriz.csproj", "{CC5D7221-A09B-415E-B52D-48979B9587C7}"
EndProject
Project("{9A19103F-16F7-4668-BE54-9A1E7A4F7556}") = "P15 - ArrayEMatriz", "P15 - ArrayEMatriz\P15 - ArrayEMatriz.csproj", "{1F18602E-B355-4F31-AE5C-B7A5E1049C72}"
EndProject
Project("{9A19103F-16F7-4668-BE54-9A1E7A4F7556}") = "P16 - ArrayEMatriz", "P16 - ArrayEMatriz\P16 - ArrayEMatriz.csproj", "{F198BFAB-9A5E-4BAB-A406-84DC998C26F9}"
EndProject
Project("{9A19103F-16F7-4668-BE54-9A1E7A4F7556}") = "P17 - ArrayEMatriz", "P17 - ArrayEMatriz\P17 - ArrayEMatriz.csproj", "{113D97DA-F7A1-4898-B50D-65288C39CDA2}"
EndProject
Project("{9A19103F-16F7-4668-BE54-9A1E7A4F7556}") = "P18 - ArrayEMatriz", "P18 - ArrayEMatriz\P18 - ArrayEMatriz.csproj", "{AC5484DC-F8D2-4FAB-901A-2C2BC3CEF168}"
EndProject
Project("{9A19103F-16F7-4668-BE54-9A1E7A4F7556}") = "P19 - ArrayEMatriz", "P19 - ArrayEMatriz\P19 - ArrayEMatriz.csproj", "{31F9D935-EF90-448F-9EB8-512D15B54125}"
EndProject
Project("{FAE04EC0-301F-11D3-BF4B-00C04F79EFBC}") = "P20 - ArrayEMatriz", "P20 - ArrayEMatriz\P20 - ArrayEMatriz.csproj", "{0261519E-F534-49C9-BFC0-11926027C842}"
EndProject
Project("{FAE04EC0-301F-11D3-BF4B-00C04F79EFBC}") = "P22 - ArrayEMatriz", "P21 - ArrayEMatriz\P22 - ArrayEMatriz.csproj", "{BADBFCC6-B6CD-41FE-B436-3D8B03BDE75B}"
EndProject
Global
	GlobalSection(SolutionConfigurationPlatforms) = preSolution
		Debug|Any CPU = Debug|Any CPU
		Release|Any CPU = Release|Any CPU
	EndGlobalSection
	GlobalSection(ProjectConfigurationPlatforms) = postSolution
		{7DC37A9B-8E37-47D8-9338-2471079DE938}.Debug|Any CPU.ActiveCfg = Debug|Any CPU
		{7DC37A9B-8E37-47D8-9338-2471079DE938}.Debug|Any CPU.Build.0 = Debug|Any CPU
		{7DC37A9B-8E37-47D8-9338-2471079DE938}.Release|Any CPU.ActiveCfg = Release|Any CPU
		{7DC37A9B-8E37-47D8-9338-2471079DE938}.Release|Any CPU.Build.0 = Release|Any CPU
		{BB3AE537-FEB8-4FB0-B594-2C406681AC02}.Debug|Any CPU.ActiveCfg = Debug|Any CPU
		{BB3AE537-FEB8-4FB0-B594-2C406681AC02}.Debug|Any CPU.Build.0 = Debug|Any CPU
		{BB3AE537-FEB8-4FB0-B594-2C406681AC02}.Release|Any CPU.ActiveCfg = Release|Any CPU
		{BB3AE537-FEB8-4FB0-B594-2C406681AC02}.Release|Any CPU.Build.0 = Release|Any CPU
		{AE79EEA0-B391-4B74-AF93-1D566162200A}.Debug|Any CPU.ActiveCfg = Debug|Any CPU
		{AE79EEA0-B391-4B74-AF93-1D566162200A}.Debug|Any CPU.Build.0 = Debug|Any CPU
		{AE79EEA0-B391-4B74-AF93-1D566162200A}.Release|Any CPU.ActiveCfg = Release|Any CPU
		{AE79EEA0-B391-4B74-AF93-1D566162200A}.Release|Any CPU.Build.0 = Release|Any CPU
		{B0D30ED3-4623-440D-AF4C-DF97C681D271}.Debug|Any CPU.ActiveCfg = Debug|Any CPU
		{B0D30ED3-4623-440D-AF4C-DF97C681D271}.Debug|Any CPU.Build.0 = Debug|Any CPU
		{B0D30ED3-4623-440D-AF4C-DF97C681D271}.Release|Any CPU.ActiveCfg = Release|Any CPU
		{B0D30ED3-4623-440D-AF4C-DF97C681D271}.Release|Any CPU.Build.0 = Release|Any CPU
		{79B4B198-2C32-4EFE-8223-99524880CFFD}.Debug|Any CPU.ActiveCfg = Debug|Any CPU
		{79B4B198-2C32-4EFE-8223-99524880CFFD}.Debug|Any CPU.Build.0 = Debug|Any CPU
		{79B4B198-2C32-4EFE-8223-99524880CFFD}.Release|Any CPU.ActiveCfg = Release|Any CPU
		{79B4B198-2C32-4EFE-8223-99524880CFFD}.Release|Any CPU.Build.0 = Release|Any CPU
		{863F958D-EE4C-4DF7-BFD1-EF4F19071ED3}.Debug|Any CPU.ActiveCfg = Debug|Any CPU
		{863F958D-EE4C-4DF7-BFD1-EF4F19071ED3}.Debug|Any CPU.Build.0 = Debug|Any CPU
		{863F958D-EE4C-4DF7-BFD1-EF4F19071ED3}.Release|Any CPU.ActiveCfg = Release|Any CPU
		{863F958D-EE4C-4DF7-BFD1-EF4F19071ED3}.Release|Any CPU.Build.0 = Release|Any CPU
		{C91AE2E6-C4A2-4F87-B81E-9D6241F73D89}.Debug|Any CPU.ActiveCfg = Debug|Any CPU
		{C91AE2E6-C4A2-4F87-B81E-9D6241F73D89}.Debug|Any CPU.Build.0 = Debug|Any CPU
		{C91AE2E6-C4A2-4F87-B81E-9D6241F73D89}.Release|Any CPU.ActiveCfg = Release|Any CPU
		{C91AE2E6-C4A2-4F87-B81E-9D6241F73D89}.Release|Any CPU.Build.0 = Release|Any CPU
		{811F4AB6-80BC-4B9B-A06F-BB3F5E280E05}.Debug|Any CPU.ActiveCfg = Debug|Any CPU
		{811F4AB6-80BC-4B9B-A06F-BB3F5E280E05}.Debug|Any CPU.Build.0 = Debug|Any CPU
		{811F4AB6-80BC-4B9B-A06F-BB3F5E280E05}.Release|Any CPU.ActiveCfg = Release|Any CPU
		{811F4AB6-80BC-4B9B-A06F-BB3F5E280E05}.Release|Any CPU.Build.0 = Release|Any CPU
		{2A756BE2-10B0-4EB4-91FB-417A2EC70A99}.Debug|Any CPU.ActiveCfg = Debug|Any CPU
		{2A756BE2-10B0-4EB4-91FB-417A2EC70A99}.Debug|Any CPU.Build.0 = Debug|Any CPU
		{2A756BE2-10B0-4EB4-91FB-417A2EC70A99}.Release|Any CPU.ActiveCfg = Release|Any CPU
		{2A756BE2-10B0-4EB4-91FB-417A2EC70A99}.Release|Any CPU.Build.0 = Release|Any CPU
		{92568A74-F037-4D2A-A74F-15E4B5465034}.Debug|Any CPU.ActiveCfg = Debug|Any CPU
		{92568A74-F037-4D2A-A74F-15E4B5465034}.Debug|Any CPU.Build.0 = Debug|Any CPU
		{92568A74-F037-4D2A-A74F-15E4B5465034}.Release|Any CPU.ActiveCfg = Release|Any CPU
		{92568A74-F037-4D2A-A74F-15E4B5465034}.Release|Any CPU.Build.0 = Release|Any CPU
		{3F46DC3A-561A-41D4-A91B-0EB1B40BAA4C}.Debug|Any CPU.ActiveCfg = Debug|Any CPU
		{3F46DC3A-561A-41D4-A91B-0EB1B40BAA4C}.Debug|Any CPU.Build.0 = Debug|Any CPU
		{3F46DC3A-561A-41D4-A91B-0EB1B40BAA4C}.Release|Any CPU.ActiveCfg = Release|Any CPU
		{3F46DC3A-561A-41D4-A91B-0EB1B40BAA4C}.Release|Any CPU.Build.0 = Release|Any CPU
		{CA635D07-C462-4889-B087-B40003C40CB8}.Debug|Any CPU.ActiveCfg = Debug|Any CPU
		{CA635D07-C462-4889-B087-B40003C40CB8}.Debug|Any CPU.Build.0 = Debug|Any CPU
		{CA635D07-C462-4889-B087-B40003C40CB8}.Release|Any CPU.ActiveCfg = Release|Any CPU
		{CA635D07-C462-4889-B087-B40003C40CB8}.Release|Any CPU.Build.0 = Release|Any CPU
		{E6C51627-15B8-4E29-8908-84D9F9A8FBBF}.Debug|Any CPU.ActiveCfg = Debug|Any CPU
		{E6C51627-15B8-4E29-8908-84D9F9A8FBBF}.Debug|Any CPU.Build.0 = Debug|Any CPU
		{E6C51627-15B8-4E29-8908-84D9F9A8FBBF}.Release|Any CPU.ActiveCfg = Release|Any CPU
		{E6C51627-15B8-4E29-8908-84D9F9A8FBBF}.Release|Any CPU.Build.0 = Release|Any CPU
		{CC5D7221-A09B-415E-B52D-48979B9587C7}.Debug|Any CPU.ActiveCfg = Debug|Any CPU
		{CC5D7221-A09B-415E-B52D-48979B9587C7}.Debug|Any CPU.Build.0 = Debug|Any CPU
		{CC5D7221-A09B-415E-B52D-48979B9587C7}.Release|Any CPU.ActiveCfg = Release|Any CPU
		{CC5D7221-A09B-415E-B52D-48979B9587C7}.Release|Any CPU.Build.0 = Release|Any CPU
		{1F18602E-B355-4F31-AE5C-B7A5E1049C72}.Debug|Any CPU.ActiveCfg = Debug|Any CPU
		{1F18602E-B355-4F31-AE5C-B7A5E1049C72}.Debug|Any CPU.Build.0 = Debug|Any CPU
		{1F18602E-B355-4F31-AE5C-B7A5E1049C72}.Release|Any CPU.ActiveCfg = Release|Any CPU
		{1F18602E-B355-4F31-AE5C-B7A5E1049C72}.Release|Any CPU.Build.0 = Release|Any CPU
		{F198BFAB-9A5E-4BAB-A406-84DC998C26F9}.Debug|Any CPU.ActiveCfg = Debug|Any CPU
		{F198BFAB-9A5E-4BAB-A406-84DC998C26F9}.Debug|Any CPU.Build.0 = Debug|Any CPU
		{F198BFAB-9A5E-4BAB-A406-84DC998C26F9}.Release|Any CPU.ActiveCfg = Release|Any CPU
		{F198BFAB-9A5E-4BAB-A406-84DC998C26F9}.Release|Any CPU.Build.0 = Release|Any CPU
		{113D97DA-F7A1-4898-B50D-65288C39CDA2}.Debug|Any CPU.ActiveCfg = Debug|Any CPU
		{113D97DA-F7A1-4898-B50D-65288C39CDA2}.Debug|Any CPU.Build.0 = Debug|Any CPU
		{113D97DA-F7A1-4898-B50D-65288C39CDA2}.Release|Any CPU.ActiveCfg = Release|Any CPU
		{113D97DA-F7A1-4898-B50D-65288C39CDA2}.Release|Any CPU.Build.0 = Release|Any CPU
		{AC5484DC-F8D2-4FAB-901A-2C2BC3CEF168}.Debug|Any CPU.ActiveCfg = Debug|Any CPU
		{AC5484DC-F8D2-4FAB-901A-2C2BC3CEF168}.Debug|Any CPU.Build.0 = Debug|Any CPU
		{AC5484DC-F8D2-4FAB-901A-2C2BC3CEF168}.Release|Any CPU.ActiveCfg = Release|Any CPU
		{AC5484DC-F8D2-4FAB-901A-2C2BC3CEF168}.Release|Any CPU.Build.0 = Release|Any CPU
		{31F9D935-EF90-448F-9EB8-512D15B54125}.Debug|Any CPU.ActiveCfg = Debug|Any CPU
		{31F9D935-EF90-448F-9EB8-512D15B54125}.Debug|Any CPU.Build.0 = Debug|Any CPU
		{31F9D935-EF90-448F-9EB8-512D15B54125}.Release|Any CPU.ActiveCfg = Release|Any CPU
		{31F9D935-EF90-448F-9EB8-512D15B54125}.Release|Any CPU.Build.0 = Release|Any CPU
		{0261519E-F534-49C9-BFC0-11926027C842}.Debug|Any CPU.ActiveCfg = Debug|Any CPU
		{0261519E-F534-49C9-BFC0-11926027C842}.Debug|Any CPU.Build.0 = Debug|Any CPU
		{0261519E-F534-49C9-BFC0-11926027C842}.Release|Any CPU.ActiveCfg = Release|Any CPU
		{0261519E-F534-49C9-BFC0-11926027C842}.Release|Any CPU.Build.0 = Release|Any CPU
		{BADBFCC6-B6CD-41FE-B436-3D8B03BDE75B}.Debug|Any CPU.ActiveCfg = Debug|Any CPU
		{BADBFCC6-B6CD-41FE-B436-3D8B03BDE75B}.Debug|Any CPU.Build.0 = Debug|Any CPU
		{BADBFCC6-B6CD-41FE-B436-3D8B03BDE75B}.Release|Any CPU.ActiveCfg = Release|Any CPU
		{BADBFCC6-B6CD-41FE-B436-3D8B03BDE75B}.Release|Any CPU.Build.0 = Release|Any CPU
	EndGlobalSection
	GlobalSection(SolutionProperties) = preSolution
		HideSolutionNode = FALSE
	EndGlobalSection
	GlobalSection(ExtensibilityGlobals) = postSolution
		SolutionGuid = {CB75A8A3-7FF8-4F25-838E-247BAEE03DE4}
	EndGlobalSection
EndGlobal
